{
  "name": "My-Project",
  "lockfileVersion": 3,
  "requires": true,
  "packages": {
    "": {
      "dependencies": {
        "grapesjs-navbar": "^1.0.2",
        "grapesjs-parser-postcss": "^1.0.3",
        "grapesjs-plugin-ckeditor": "^1.0.1"
      }
    },
    "node_modules/@types/ckeditor4": {
      "version": "4.20.7",
      "resolved": "https://registry.npmjs.org/@types/ckeditor4/-/ckeditor4-4.20.7.tgz",
      "integrity": "sha512-Xn4wMey4cSpEtpv0aF9AQaoDT6aYAoqmnKj0g+sWg8Xp3S6hRuec2et45kp9gP69qTuCufEUQnZhBn3o+4UbWQ=="
    },
    "node_modules/grapesjs-navbar": {
      "version": "1.0.2",
      "resolved": "https://registry.npmjs.org/grapesjs-navbar/-/grapesjs-navbar-1.0.2.tgz",
      "integrity": "sha512-JYTi5LwBkjSt3Cv3DxK4OcnOrsFSXLpi2/1sobnlfZ9hjp2b286BJbC58f0RNw1yx5n/12IhEzk9Nj4sAiSSwQ=="
    },
    "node_modules/grapesjs-parser-postcss": {
      "version": "1.0.3",
      "resolved": "https://registry.npmjs.org/grapesjs-parser-postcss/-/grapesjs-parser-postcss-1.0.3.tgz",
      "integrity": "sha512-lfiNRDGdYQT259fUudYD0Z9EKB0DeS9GdCjVqGuJo28rv0WPAdGlpFnvlYgNGurX38ZjIi8qnbEuSSDl8AXFSw=="
    },
    "node_modules/grapesjs-plugin-ckeditor": {
      "version": "1.0.1",
      "resolved": "https://registry.npmjs.org/grapesjs-plugin-ckeditor/-/grapesjs-plugin-ckeditor-1.0.1.tgz",
      "integrity": "sha512-ILxmI36udAkLgF+rP5jBtabq88zg04uUYPP60rXa6qTgjXK96vuq21xkh1qZiDGLUYiPVC3jgVPaCO68sH500Q==",
      "dependencies": {
        "@types/ckeditor4": "^4.20.0"
      }
    }
  }
}
