{
  "name": "My-Project",
  "lockfileVersion": 3,
  "requires": true,
  "packages": {
    "": {
      "dependencies": {
        "grapesjs-navbar": "^1.0.2"
      }
    },
    "node_modules/grapesjs-navbar": {
      "version": "1.0.2",
      "resolved": "https://registry.npmjs.org/grapesjs-navbar/-/grapesjs-navbar-1.0.2.tgz",
      "integrity": "sha512-JYTi5LwBkjSt3Cv3DxK4OcnOrsFSXLpi2/1sobnlfZ9hjp2b286BJbC58f0RNw1yx5n/12IhEzk9Nj4sAiSSwQ=="
    }
  }
}
